# This file is automatically @generated by Cargo.
# It is not intended for manual editing.
version = 3

[[package]]
name = "libc"
version = "0.2.142"
source = "registry+https://github.com/rust-lang/crates.io-index"
checksum = "6a987beff54b60ffa6d51982e1aa1146bc42f19bd26be28b0586f252fccf5317"

[[package]]
name = "libconfig-sys"
version = "0.1.0"
source = "registry+https://github.com/rust-lang/crates.io-index"
checksum = "c8ace164930d85b581a61880f506ee6ec76e0a41ea65c487b696cd70bd3f5524"
dependencies = [
 "libc",
]

[[package]]
name = "librustconfig"
version = "0.1.1"
source = "registry+https://github.com/rust-lang/crates.io-index"
checksum = "b135138bcd9a9b4b5c5031dca0ed54a08dfaf051cbff4d2e04a87de360c5c43e"
dependencies = [
 "libconfig-sys",
]

[[package]]
name = "raytracer"
version = "0.1.0"
dependencies = [
 "libc",
 "librustconfig",
]
